
Microsoft Visual Studio Solution File, Format Version 12.00
# Visual Studio Version 17
VisualStudioVersion = 17.10.35004.147
MinimumVisualStudioVersion = 10.0.40219.1
Project("{FAE04EC0-301F-11D3-BF4B-00C04F79EFBC}") = "Taskinvoice", "Taskinvoice\Taskinvoice.csproj", "{9DCC1C67-BD50-443A-A429-8465E02DCFE0}"
EndProject
Global
	GlobalSection(SolutionConfigurationPlatforms) = preSolution
		Debug|Any CPU = Debug|Any CPU
		Release|Any CPU = Release|Any CPU
	EndGlobalSection
	GlobalSection(ProjectConfigurationPlatforms) = postSolution
		{9DCC1C67-BD50-443A-A429-8465E02DCFE0}.Debug|Any CPU.ActiveCfg = Debug|Any CPU
		{9DCC1C67-BD50-443A-A429-8465E02DCFE0}.Debug|Any CPU.Build.0 = Debug|Any CPU
		{9DCC1C67-BD50-443A-A429-8465E02DCFE0}.Release|Any CPU.ActiveCfg = Release|Any CPU
		{9DCC1C67-BD50-443A-A429-8465E02DCFE0}.Release|Any CPU.Build.0 = Release|Any CPU
	EndGlobalSection
	GlobalSection(SolutionProperties) = preSolution
		HideSolutionNode = FALSE
	EndGlobalSection
	GlobalSection(ExtensibilityGlobals) = postSolution
		SolutionGuid = {716D279A-EB82-4228-A9E9-37DA8029A4BF}
	EndGlobalSection
EndGlobal
